Microsoft Visual Studio Solution File, Format Version 12.00
# Visual Studio Version 17
VisualStudioVersion = 17.5.2.0
MinimumVisualStudioVersion = 10.0.40219.1
Project("{FAE04EC0-301F-11D3-BF4B-00C04F79EFBC}") = "ImgToByteArray", "ImgToByteArray.csproj", "{75E18FA5-6DD4-B634-81E3-784B8278283F}"
EndProject
Global
	GlobalSection(SolutionConfigurationPlatforms) = preSolution
		Debug|Any CPU = Debug|Any CPU
		Release|Any CPU = Release|Any CPU
	EndGlobalSection
	GlobalSection(ProjectConfigurationPlatforms) = postSolution
		{75E18FA5-6DD4-B634-81E3-784B8278283F}.Debug|Any CPU.ActiveCfg = Debug|Any CPU
		{75E18FA5-6DD4-B634-81E3-784B8278283F}.Debug|Any CPU.Build.0 = Debug|Any CPU
		{75E18FA5-6DD4-B634-81E3-784B8278283F}.Release|Any CPU.ActiveCfg = Release|Any CPU
		{75E18FA5-6DD4-B634-81E3-784B8278283F}.Release|Any CPU.Build.0 = Release|Any CPU
	EndGlobalSection
	GlobalSection(SolutionProperties) = preSolution
		HideSolutionNode = FALSE
	EndGlobalSection
	GlobalSection(ExtensibilityGlobals) = postSolution
		SolutionGuid = {8B0AEFBD-B3F7-4715-BC7B-728DF0F7C298}
	EndGlobalSection
EndGlobal
